PODS:
  - Alamofire (3.1.2)
  - Localize-Swift (0.6)
  - PureLayout (3.0.1)
  - ReactiveCocoa (4.0.4-alpha-1):
    - ReactiveCocoa/UI (= 4.0.4-alpha-1)
    - Result (~> 0.6-beta.1)
  - ReactiveCocoa/Core (4.0.4-alpha-1):
    - ReactiveCocoa/no-arc
    - Result (~> 0.6-beta.1)
  - ReactiveCocoa/no-arc (4.0.4-alpha-1):
    - Result (~> 0.6-beta.1)
  - ReactiveCocoa/UI (4.0.4-alpha-1):
    - ReactiveCocoa/Core
    - Result (~> 0.6-beta.1)
  - Result (0.6.0-beta.6)

DEPENDENCIES:
  - Alamofire
  - Localize-Swift
  - PureLayout
  - ReactiveCocoa (= 4.0.4-alpha-1)

SPEC CHECKSUMS:
  Alamofire: 7c16ca65f3c7e681fd925fd7f2dec7747ff96855
  Localize-Swift: c54aee0222f744ae30ea63fdce404acb2820166a
  PureLayout: f35f5384c9c4e4479df041dbe33ad7577b71ddfb
  ReactiveCocoa: 618a2fc13d4ed80e380aa6fa56547cef43c7341d
  Result: dc390d0b58f9ec43fcd536f1ebdd130803cc6cbc

COCOAPODS: 0.39.0
